
Microsoft Visual Studio Solution File, Format Version 12.00
# Visual Studio Version 17
VisualStudioVersion = 17.7.34221.43
MinimumVisualStudioVersion = 10.0.40219.1
Project("{FAE04EC0-301F-11D3-BF4B-00C04F79EFBC}") = "JonMonth148.TaskPlanner.ConsoleRunner", "JonMonth148.TaskPlanner.ConsoleRunner\JonMonth148.TaskPlanner.ConsoleRunner.csproj", "{FBED0433-6FE5-48C3-98EC-FDF7B7419E12}"
EndProject
Project("{FAE04EC0-301F-11D3-BF4B-00C04F79EFBC}") = "JonMonth148.Domain.Models", "JonMonth148.Domain.Models\JonMonth148.Domain.Models.csproj", "{0CB48110-311E-45B6-B6D0-7CB240CF82DB}"
	ProjectSection(ProjectDependencies) = postProject
		{FBED0433-6FE5-48C3-98EC-FDF7B7419E12} = {FBED0433-6FE5-48C3-98EC-FDF7B7419E12}
	EndProjectSection
EndProject
Project("{FAE04EC0-301F-11D3-BF4B-00C04F79EFBC}") = "jonMonth148.Domain.Logic", "jonMonth148.Domain.Logic\jonMonth148.Domain.Logic.csproj", "{6F3173DE-F6BF-452F-9E16-4CFAD76E3105}"
	ProjectSection(ProjectDependencies) = postProject
		{0CB48110-311E-45B6-B6D0-7CB240CF82DB} = {0CB48110-311E-45B6-B6D0-7CB240CF82DB}
		{FBED0433-6FE5-48C3-98EC-FDF7B7419E12} = {FBED0433-6FE5-48C3-98EC-FDF7B7419E12}
	EndProjectSection
EndProject
Project("{FAE04EC0-301F-11D3-BF4B-00C04F79EFBC}") = "JonMonth148.DataAccess.Abstractions", "JonMonth148.DataAccess.Abstractions\JonMonth148.DataAccess.Abstractions.csproj", "{ECD9525A-B810-43FF-AB8A-7511CBB2389C}"
	ProjectSection(ProjectDependencies) = postProject
		{6F3173DE-F6BF-452F-9E16-4CFAD76E3105} = {6F3173DE-F6BF-452F-9E16-4CFAD76E3105}
		{FBED0433-6FE5-48C3-98EC-FDF7B7419E12} = {FBED0433-6FE5-48C3-98EC-FDF7B7419E12}
	EndProjectSection
EndProject
Project("{FAE04EC0-301F-11D3-BF4B-00C04F79EFBC}") = "JonMonth148.DataAccess", "JonMonth148.DataAccess\JonMonth148.DataAccess.csproj", "{7A1C419D-389A-491F-9618-7EE7A3B1DA86}"
	ProjectSection(ProjectDependencies) = postProject
		{0CB48110-311E-45B6-B6D0-7CB240CF82DB} = {0CB48110-311E-45B6-B6D0-7CB240CF82DB}
		{6F3173DE-F6BF-452F-9E16-4CFAD76E3105} = {6F3173DE-F6BF-452F-9E16-4CFAD76E3105}
		{ECD9525A-B810-43FF-AB8A-7511CBB2389C} = {ECD9525A-B810-43FF-AB8A-7511CBB2389C}
		{FBED0433-6FE5-48C3-98EC-FDF7B7419E12} = {FBED0433-6FE5-48C3-98EC-FDF7B7419E12}
	EndProjectSection
EndProject
Project("{FAE04EC0-301F-11D3-BF4B-00C04F79EFBC}") = "JonMonth.Domain.Logic.Tests", "JonMonth.Domain.Logic.Tests\JonMonth.Domain.Logic.Tests.csproj", "{F6C72B64-FADC-43A1-A9A8-768268248F0D}"
EndProject
Global
	GlobalSection(SolutionConfigurationPlatforms) = preSolution
		Debug|Any CPU = Debug|Any CPU
		Release|Any CPU = Release|Any CPU
	EndGlobalSection
	GlobalSection(ProjectConfigurationPlatforms) = postSolution
		{FBED0433-6FE5-48C3-98EC-FDF7B7419E12}.Debug|Any CPU.ActiveCfg = Debug|Any CPU
		{FBED0433-6FE5-48C3-98EC-FDF7B7419E12}.Debug|Any CPU.Build.0 = Debug|Any CPU
		{FBED0433-6FE5-48C3-98EC-FDF7B7419E12}.Release|Any CPU.ActiveCfg = Release|Any CPU
		{FBED0433-6FE5-48C3-98EC-FDF7B7419E12}.Release|Any CPU.Build.0 = Release|Any CPU
		{0CB48110-311E-45B6-B6D0-7CB240CF82DB}.Debug|Any CPU.ActiveCfg = Debug|Any CPU
		{0CB48110-311E-45B6-B6D0-7CB240CF82DB}.Debug|Any CPU.Build.0 = Debug|Any CPU
		{0CB48110-311E-45B6-B6D0-7CB240CF82DB}.Release|Any CPU.ActiveCfg = Release|Any CPU
		{0CB48110-311E-45B6-B6D0-7CB240CF82DB}.Release|Any CPU.Build.0 = Release|Any CPU
		{6F3173DE-F6BF-452F-9E16-4CFAD76E3105}.Debug|Any CPU.ActiveCfg = Debug|Any CPU
		{6F3173DE-F6BF-452F-9E16-4CFAD76E3105}.Debug|Any CPU.Build.0 = Debug|Any CPU
		{6F3173DE-F6BF-452F-9E16-4CFAD76E3105}.Release|Any CPU.ActiveCfg = Release|Any CPU
		{6F3173DE-F6BF-452F-9E16-4CFAD76E3105}.Release|Any CPU.Build.0 = Release|Any CPU
		{ECD9525A-B810-43FF-AB8A-7511CBB2389C}.Debug|Any CPU.ActiveCfg = Debug|Any CPU
		{ECD9525A-B810-43FF-AB8A-7511CBB2389C}.Debug|Any CPU.Build.0 = Debug|Any CPU
		{ECD9525A-B810-43FF-AB8A-7511CBB2389C}.Release|Any CPU.ActiveCfg = Release|Any CPU
		{ECD9525A-B810-43FF-AB8A-7511CBB2389C}.Release|Any CPU.Build.0 = Release|Any CPU
		{7A1C419D-389A-491F-9618-7EE7A3B1DA86}.Debug|Any CPU.ActiveCfg = Debug|Any CPU
		{7A1C419D-389A-491F-9618-7EE7A3B1DA86}.Debug|Any CPU.Build.0 = Debug|Any CPU
		{7A1C419D-389A-491F-9618-7EE7A3B1DA86}.Release|Any CPU.ActiveCfg = Release|Any CPU
		{7A1C419D-389A-491F-9618-7EE7A3B1DA86}.Release|Any CPU.Build.0 = Release|Any CPU
		{F6C72B64-FADC-43A1-A9A8-768268248F0D}.Debug|Any CPU.ActiveCfg = Debug|Any CPU
		{F6C72B64-FADC-43A1-A9A8-768268248F0D}.Debug|Any CPU.Build.0 = Debug|Any CPU
		{F6C72B64-FADC-43A1-A9A8-768268248F0D}.Release|Any CPU.ActiveCfg = Release|Any CPU
		{F6C72B64-FADC-43A1-A9A8-768268248F0D}.Release|Any CPU.Build.0 = Release|Any CPU
	EndGlobalSection
	GlobalSection(SolutionProperties) = preSolution
		HideSolutionNode = FALSE
	EndGlobalSection
	GlobalSection(ExtensibilityGlobals) = postSolution
		SolutionGuid = {29A94433-7228-4FD3-B255-7374156C8EA9}
	EndGlobalSection
EndGlobal
